
Microsoft Visual Studio Solution File, Format Version 12.00
# Visual Studio Version 17
VisualStudioVersion = 17.6.33815.320
MinimumVisualStudioVersion = 10.0.40219.1
Project("{9A19103F-16F7-4668-BE54-9A1E7A4F7556}") = "PracticeProjectMVC", "WebApplication mvc test ai\PracticeProjectMVC.csproj", "{4A48F508-7534-47FE-9B68-25C396474D7A}"
EndProject
Project("{9A19103F-16F7-4668-BE54-9A1E7A4F7556}") = "ServiceBusConsumer", "ServiceBusConsumer\ServiceBusConsumer.csproj", "{7CE118DF-475A-446B-A9A9-DDE9FF36F6C0}"
EndProject
Global
	GlobalSection(SolutionConfigurationPlatforms) = preSolution
		Debug|Any CPU = Debug|Any CPU
		Release|Any CPU = Release|Any CPU
	EndGlobalSection
	GlobalSection(ProjectConfigurationPlatforms) = postSolution
		{4A48F508-7534-47FE-9B68-25C396474D7A}.Debug|Any CPU.ActiveCfg = Debug|Any CPU
		{4A48F508-7534-47FE-9B68-25C396474D7A}.Debug|Any CPU.Build.0 = Debug|Any CPU
		{4A48F508-7534-47FE-9B68-25C396474D7A}.Release|Any CPU.ActiveCfg = Release|Any CPU
		{4A48F508-7534-47FE-9B68-25C396474D7A}.Release|Any CPU.Build.0 = Release|Any CPU
		{7CE118DF-475A-446B-A9A9-DDE9FF36F6C0}.Debug|Any CPU.ActiveCfg = Debug|Any CPU
		{7CE118DF-475A-446B-A9A9-DDE9FF36F6C0}.Debug|Any CPU.Build.0 = Debug|Any CPU
		{7CE118DF-475A-446B-A9A9-DDE9FF36F6C0}.Release|Any CPU.ActiveCfg = Release|Any CPU
		{7CE118DF-475A-446B-A9A9-DDE9FF36F6C0}.Release|Any CPU.Build.0 = Release|Any CPU
	EndGlobalSection
	GlobalSection(SolutionProperties) = preSolution
		HideSolutionNode = FALSE
	EndGlobalSection
	GlobalSection(ExtensibilityGlobals) = postSolution
		SolutionGuid = {D97F7540-6800-49B3-8FA1-A038BB1FC1BD}
	EndGlobalSection
EndGlobal
